// !$*UTF8*$!
{
	archiveVersion = 1;
	classes = {
	};
	objectVersion = 55;
	objects = {

/* Begin PBXBuildFile section */
		EC4214142702E2FC001F5B82 /* AppDelegate.swift in Sources */ = {isa = PBXBuildFile; fileRef = EC4214132702E2FC001F5B82 /* AppDelegate.swift */; };
		EC4214162702E2FC001F5B82 /* SceneDelegate.swift in Sources */ = {isa = PBXBuildFile; fileRef = EC4214152702E2FC001F5B82 /* SceneDelegate.swift */; };
		EC4214182702E2FC001F5B82 /* ViewController.swift in Sources */ = {isa = PBXBuildFile; fileRef = EC4214172702E2FC001F5B82 /* ViewController.swift */; };
		EC42141B2702E2FC001F5B82 /* Main.storyboard in Resources */ = {isa = PBXBuildFile; fileRef = EC4214192702E2FC001F5B82 /* Main.storyboard */; };
		EC42141D2702E2FD001F5B82 /* Assets.xcassets in Resources */ = {isa = PBXBuildFile; fileRef = EC42141C2702E2FD001F5B82 /* Assets.xcassets */; };
		EC4214202702E2FD001F5B82 /* LaunchScreen.storyboard in Resources */ = {isa = PBXBuildFile; fileRef = EC42141E2702E2FD001F5B82 /* LaunchScreen.storyboard */; };
		EC4214542705C446001F5B82 /* SignUp.storyboard in Resources */ = {isa = PBXBuildFile; fileRef = EC4214532705C446001F5B82 /* SignUp.storyboard */; };
		EC4214562705C452001F5B82 /* SignUpViewController.swift in Sources */ = {isa = PBXBuildFile; fileRef = EC4214552705C452001F5B82 /* SignUpViewController.swift */; };
		EC42145A2705D35D001F5B82 /* SignUp + PlaceholderTextColor.swift in Sources */ = {isa = PBXBuildFile; fileRef = EC4214592705D35D001F5B82 /* SignUp + PlaceholderTextColor.swift */; };
/* End PBXBuildFile section */

/* Begin PBXFileReference section */
		EC4214102702E2FC001F5B82 /* SSAC_Nextflix.app */ = {isa = PBXFileReference; explicitFileType = wrapper.application; includeInIndex = 0; path = SSAC_Nextflix.app; sourceTree = BUILT_PRODUCTS_DIR; };
		EC4214132702E2FC001F5B82 /* AppDelegate.swift */ = {isa = PBXFileReference; lastKnownFileType = sourcecode.swift; path = AppDelegate.swift; sourceTree = "<group>"; };
		EC4214152702E2FC001F5B82 /* SceneDelegate.swift */ = {isa = PBXFileReference; lastKnownFileType = sourcecode.swift; path = SceneDelegate.swift; sourceTree = "<group>"; };
		EC4214172702E2FC001F5B82 /* ViewController.swift */ = {isa = PBXFileReference; lastKnownFileType = sourcecode.swift; path = ViewController.swift; sourceTree = "<group>"; };
		EC42141A2702E2FC001F5B82 /* Base */ = {isa = PBXFileReference; lastKnownFileType = file.storyboard; name = Base; path = Base.lproj/Main.storyboard; sourceTree = "<group>"; };
		EC42141C2702E2FD001F5B82 /* Assets.xcassets */ = {isa = PBXFileReference; lastKnownFileType = folder.assetcatalog; path = Assets.xcassets; sourceTree = "<group>"; };
		EC42141F2702E2FD001F5B82 /* Base */ = {isa = PBXFileReference; lastKnownFileType = file.storyboard; name = Base; path = Base.lproj/LaunchScreen.storyboard; sourceTree = "<group>"; };
		EC4214212702E2FD001F5B82 /* Info.plist */ = {isa = PBXFileReference; lastKnownFileType = text.plist.xml; path = Info.plist; sourceTree = "<group>"; };
		EC4214532705C446001F5B82 /* SignUp.storyboard */ = {isa = PBXFileReference; lastKnownFileType = file.storyboard; path = SignUp.storyboard; sourceTree = "<group>"; };
		EC4214552705C452001F5B82 /* SignUpViewController.swift */ = {isa = PBXFileReference; lastKnownFileType = sourcecode.swift; path = SignUpViewController.swift; sourceTree = "<group>"; };
		EC4214592705D35D001F5B82 /* SignUp + PlaceholderTextColor.swift */ = {isa = PBXFileReference; lastKnownFileType = sourcecode.swift; path = "SignUp + PlaceholderTextColor.swift"; sourceTree = "<group>"; };
/* End PBXFileReference section */

/* Begin PBXFrameworksBuildPhase section */
		EC42140D2702E2FC001F5B82 /* Frameworks */ = {
			isa = PBXFrameworksBuildPhase;
			buildActionMask = 2147483647;
			files = (
			);
			runOnlyForDeploymentPostprocessing = 0;
		};
/* End PBXFrameworksBuildPhase section */

/* Begin PBXGroup section */
		EC4214072702E2FC001F5B82 = {
			isa = PBXGroup;
			children = (
				EC4214122702E2FC001F5B82 /* SSAC_Nextflix */,
				EC4214112702E2FC001F5B82 /* Products */,
			);
			sourceTree = "<group>";
		};
		EC4214112702E2FC001F5B82 /* Products */ = {
			isa = PBXGroup;
			children = (
				EC4214102702E2FC001F5B82 /* SSAC_Nextflix.app */,
			);
			name = Products;
			sourceTree = "<group>";
		};
		EC4214122702E2FC001F5B82 /* SSAC_Nextflix */ = {
			isa = PBXGroup;
			children = (
				EC4214502705C3DC001F5B82 /* Resource */,
				EC42144F2705C3D4001F5B82 /* Source */,
				EC4214212702E2FD001F5B82 /* Info.plist */,
			);
			path = SSAC_Nextflix;
			sourceTree = "<group>";
		};
		EC42144F2705C3D4001F5B82 /* Source */ = {
			isa = PBXGroup;
			children = (
				EC4214152702E2FC001F5B82 /* SceneDelegate.swift */,
				EC4214132702E2FC001F5B82 /* AppDelegate.swift */,
				EC4214522705C402001F5B82 /* ViewController */,
			);
			path = Source;
			sourceTree = "<group>";
		};
		EC4214502705C3DC001F5B82 /* Resource */ = {
			isa = PBXGroup;
			children = (
				EC4214582705D32F001F5B82 /* Extension */,
				EC42141C2702E2FD001F5B82 /* Assets.xcassets */,
				EC42141E2702E2FD001F5B82 /* LaunchScreen.storyboard */,
				EC4214512705C3FA001F5B82 /* Storyboard */,
			);
			path = Resource;
			sourceTree = "<group>";
		};
		EC4214512705C3FA001F5B82 /* Storyboard */ = {
			isa = PBXGroup;
			children = (
				EC4214192702E2FC001F5B82 /* Main.storyboard */,
				EC4214532705C446001F5B82 /* SignUp.storyboard */,
			);
			path = Storyboard;
			sourceTree = "<group>";
		};
		EC4214522705C402001F5B82 /* ViewController */ = {
			isa = PBXGroup;
			children = (
				EC4214172702E2FC001F5B82 /* ViewController.swift */,
				EC4214552705C452001F5B82 /* SignUpViewController.swift */,
			);
			path = ViewController;
			sourceTree = "<group>";
		};
		EC4214582705D32F001F5B82 /* Extension */ = {
			isa = PBXGroup;
			children = (
				EC4214592705D35D001F5B82 /* SignUp + PlaceholderTextColor.swift */,
			);
			path = Extension;
			sourceTree = "<group>";
		};
/* End PBXGroup section */

/* Begin PBXNativeTarget section */
		EC42140F2702E2FC001F5B82 /* SSAC_Nextflix */ = {
			isa = PBXNativeTarget;
			buildConfigurationList = EC4214242702E2FD001F5B82 /* Build configuration list for PBXNativeTarget "SSAC_Nextflix" */;
			buildPhases = (
				EC42140C2702E2FC001F5B82 /* Sources */,
				EC42140D2702E2FC001F5B82 /* Frameworks */,
				EC42140E2702E2FC001F5B82 /* Resources */,
			);
			buildRules = (
			);
			dependencies = (
			);
			name = SSAC_Nextflix;
			productName = SSAC_Nextflix;
			productReference = EC4214102702E2FC001F5B82 /* SSAC_Nextflix.app */;
			productType = "com.apple.product-type.application";
		};
/* End PBXNativeTarget section */

/* Begin PBXProject section */
		EC4214082702E2FC001F5B82 /* Project object */ = {
			isa = PBXProject;
			attributes = {
				BuildIndependentTargetsInParallel = 1;
				LastSwiftUpdateCheck = 1300;
				LastUpgradeCheck = 1300;
				TargetAttributes = {
					EC42140F2702E2FC001F5B82 = {
						CreatedOnToolsVersion = 13.0;
					};
				};
			};
			buildConfigurationList = EC42140B2702E2FC001F5B82 /* Build configuration list for PBXProject "SSAC_Nextflix" */;
			compatibilityVersion = "Xcode 13.0";
			developmentRegion = en;
			hasScannedForEncodings = 0;
			knownRegions = (
				en,
				Base,
			);
			mainGroup = EC4214072702E2FC001F5B82;
			productRefGroup = EC4214112702E2FC001F5B82 /* Products */;
			projectDirPath = "";
			projectRoot = "";
			targets = (
				EC42140F2702E2FC001F5B82 /* SSAC_Nextflix */,
			);
		};
/* End PBXProject section */

/* Begin PBXResourcesBuildPhase section */
		EC42140E2702E2FC001F5B82 /* Resources */ = {
			isa = PBXResourcesBuildPhase;
			buildActionMask = 2147483647;
			files = (
				EC4214202702E2FD001F5B82 /* LaunchScreen.storyboard in Resources */,
				EC42141D2702E2FD001F5B82 /* Assets.xcassets in Resources */,
				EC4214542705C446001F5B82 /* SignUp.storyboard in Resources */,
				EC42141B2702E2FC001F5B82 /* Main.storyboard in Resources */,
			);
			runOnlyForDeploymentPostprocessing = 0;
		};
/* End PBXResourcesBuildPhase section */

/* Begin PBXSourcesBuildPhase section */
		EC42140C2702E2FC001F5B82 /* Sources */ = {
			isa = PBXSourcesBuildPhase;
			buildActionMask = 2147483647;
			files = (
				EC4214182702E2FC001F5B82 /* ViewController.swift in Sources */,
				EC4214142702E2FC001F5B82 /* AppDelegate.swift in Sources */,
				EC4214562705C452001F5B82 /* SignUpViewController.swift in Sources */,
				EC42145A2705D35D001F5B82 /* SignUp + PlaceholderTextColor.swift in Sources */,
				EC4214162702E2FC001F5B82 /* SceneDelegate.swift in Sources */,
			);
			runOnlyForDeploymentPostprocessing = 0;
		};
/* End PBXSourcesBuildPhase section */

/* Begin PBXVariantGroup section */
		EC4214192702E2FC001F5B82 /* Main.storyboard */ = {
			isa = PBXVariantGroup;
			children = (
				EC42141A2702E2FC001F5B82 /* Base */,
			);
			name = Main.storyboard;
			sourceTree = "<group>";
		};
		EC42141E2702E2FD001F5B82 /* LaunchScreen.storyboard */ = {
			isa = PBXVariantGroup;
			children = (
				EC42141F2702E2FD001F5B82 /* Base */,
			);
			name = LaunchScreen.storyboard;
			sourceTree = "<group>";
		};
/* End PBXVariantGroup section */

/* Begin XCBuildConfiguration section */
		EC4214222702E2FD001F5B82 /* Debug */ = {
			isa = XCBuildConfiguration;
			buildSettings = {
				ALWAYS_SEARCH_USER_PATHS = NO;
				CLANG_ANALYZER_NONNULL = YES;
				CLANG_ANALYZER_NUMBER_OBJECT_CONVERSION = YES_AGGRESSIVE;
				CLANG_CXX_LANGUAGE_STANDARD = "gnu++17";
				CLANG_CXX_LIBRARY = "libc++";
				CLANG_ENABLE_MODULES = YES;
				CLANG_ENABLE_OBJC_ARC = YES;
				CLANG_ENABLE_OBJC_WEAK = YES;
				CLANG_WARN_BLOCK_CAPTURE_AUTORELEASING = YES;
				CLANG_WARN_BOOL_CONVERSION = YES;
				CLANG_WARN_COMMA = YES;
				CLANG_WARN_CONSTANT_CONVERSION = YES;
				CLANG_WARN_DEPRECATED_OBJC_IMPLEMENTATIONS = YES;
				CLANG_WARN_DIRECT_OBJC_ISA_USAGE = YES_ERROR;
				CLANG_WARN_DOCUMENTATION_COMMENTS = YES;
				CLANG_WARN_EMPTY_BODY = YES;
				CLANG_WARN_ENUM_CONVERSION = YES;
				CLANG_WARN_INFINITE_RECURSION = YES;
				CLANG_WARN_INT_CONVERSION = YES;
				CLANG_WARN_NON_LITERAL_NULL_CONVERSION = YES;
				CLANG_WARN_OBJC_IMPLICIT_RETAIN_SELF = YES;
				CLANG_WARN_OBJC_LITERAL_CONVERSION = YES;
				CLANG_WARN_OBJC_ROOT_CLASS = YES_ERROR;
				CLANG_WARN_QUOTED_INCLUDE_IN_FRAMEWORK_HEADER = YES;
				CLANG_WARN_RANGE_LOOP_ANALYSIS = YES;
				CLANG_WARN_STRICT_PROTOTYPES = YES;
				CLANG_WARN_SUSPICIOUS_MOVE = YES;
				CLANG_WARN_UNGUARDED_AVAILABILITY = YES_AGGRESSIVE;
				CLANG_WARN_UNREACHABLE_CODE = YES;
				CLANG_WARN__DUPLICATE_METHOD_MATCH = YES;
				COPY_PHASE_STRIP = NO;
				DEBUG_INFORMATION_FORMAT = dwarf;
				ENABLE_STRICT_OBJC_MSGSEND = YES;
				ENABLE_TESTABILITY = YES;
				GCC_C_LANGUAGE_STANDARD = gnu11;
				GCC_DYNAMIC_NO_PIC = NO;
				GCC_NO_COMMON_BLOCKS = YES;
				GCC_OPTIMIZATION_LEVEL = 0;
				GCC_PREPROCESSOR_DEFINITIONS = (
					"DEBUG=1",
					"$(inherited)",
				);
				GCC_WARN_64_TO_32_BIT_CONVERSION = YES;
				GCC_WARN_ABOUT_RETURN_TYPE = YES_ERROR;
				GCC_WARN_UNDECLARED_SELECTOR = YES;
				GCC_WARN_UNINITIALIZED_AUTOS = YES_AGGRESSIVE;
				GCC_WARN_UNUSED_FUNCTION = YES;
				GCC_WARN_UNUSED_VARIABLE = YES;
				IPHONEOS_DEPLOYMENT_TARGET = 15.0;
				MTL_ENABLE_DEBUG_INFO = INCLUDE_SOURCE;
				MTL_FAST_MATH = YES;
				ONLY_ACTIVE_ARCH = YES;
				SDKROOT = iphoneos;
				SWIFT_ACTIVE_COMPILATION_CONDITIONS = DEBUG;
				SWIFT_OPTIMIZATION_LEVEL = "-Onone";
			};
			name = Debug;
		};
		EC4214232702E2FD001F5B82 /* Release */ = {
			isa = XCBuildConfiguration;
			buildSettings = {
				ALWAYS_SEARCH_USER_PATHS = NO;
				CLANG_ANALYZER_NONNULL = YES;
				CLANG_ANALYZER_NUMBER_OBJECT_CONVERSION = YES_AGGRESSIVE;
				CLANG_CXX_LANGUAGE_STANDARD = "gnu++17";
				CLANG_CXX_LIBRARY = "libc++";
				CLANG_ENABLE_MODULES = YES;
				CLANG_ENABLE_OBJC_ARC = YES;
				CLANG_ENABLE_OBJC_WEAK = YES;
				CLANG_WARN_BLOCK_CAPTURE_AUTORELEASING = YES;
				CLANG_WARN_BOOL_CONVERSION = YES;
				CLANG_WARN_COMMA = YES;
				CLANG_WARN_CONSTANT_CONVERSION = YES;
				CLANG_WARN_DEPRECATED_OBJC_IMPLEMENTATIONS = YES;
				CLANG_WARN_DIRECT_OBJC_ISA_USAGE = YES_ERROR;
				CLANG_WARN_DOCUMENTATION_COMMENTS = YES;
				CLANG_WARN_EMPTY_BODY = YES;
				CLANG_WARN_ENUM_CONVERSION = YES;
				CLANG_WARN_INFINITE_RECURSION = YES;
				CLANG_WARN_INT_CONVERSION = YES;
				CLANG_WARN_NON_LITERAL_NULL_CONVERSION = YES;
				CLANG_WARN_OBJC_IMPLICIT_RETAIN_SELF = YES;
				CLANG_WARN_OBJC_LITERAL_CONVERSION = YES;
				CLANG_WARN_OBJC_ROOT_CLASS = YES_ERROR;
				CLANG_WARN_QUOTED_INCLUDE_IN_FRAMEWORK_HEADER = YES;
				CLANG_WARN_RANGE_LOOP_ANALYSIS = YES;
				CLANG_WARN_STRICT_PROTOTYPES = YES;
				CLANG_WARN_SUSPICIOUS_MOVE = YES;
				CLANG_WARN_UNGUARDED_AVAILABILITY = YES_AGGRESSIVE;
				CLANG_WARN_UNREACHABLE_CODE = YES;
				CLANG_WARN__DUPLICATE_METHOD_MATCH = YES;
				COPY_PHASE_STRIP = NO;
				DEBUG_INFORMATION_FORMAT = "dwarf-with-dsym";
				ENABLE_NS_ASSERTIONS = NO;
				ENABLE_STRICT_OBJC_MSGSEND = YES;
				GCC_C_LANGUAGE_STANDARD = gnu11;
				GCC_NO_COMMON_BLOCKS = YES;
				GCC_WARN_64_TO_32_BIT_CONVERSION = YES;
				GCC_WARN_ABOUT_RETURN_TYPE = YES_ERROR;
				GCC_WARN_UNDECLARED_SELECTOR = YES;
				GCC_WARN_UNINITIALIZED_AUTOS = YES_AGGRESSIVE;
				GCC_WARN_UNUSED_FUNCTION = YES;
				GCC_WARN_UNUSED_VARIABLE = YES;
				IPHONEOS_DEPLOYMENT_TARGET = 15.0;
				MTL_ENABLE_DEBUG_INFO = NO;
				MTL_FAST_MATH = YES;
				SDKROOT = iphoneos;
				SWIFT_COMPILATION_MODE = wholemodule;
				SWIFT_OPTIMIZATION_LEVEL = "-O";
				VALIDATE_PRODUCT = YES;
			};
			name = Release;
		};
		EC4214252702E2FD001F5B82 /* Debug */ = {
			isa = XCBuildConfiguration;
			buildSettings = {
				ASSETCATALOG_COMPILER_APPICON_NAME = AppIcon;
				ASSETCATALOG_COMPILER_GLOBAL_ACCENT_COLOR_NAME = AccentColor;
				CODE_SIGN_STYLE = Automatic;
				CURRENT_PROJECT_VERSION = 1;
				DEVELOPMENT_TEAM = RQHZUCMHSH;
				GENERATE_INFOPLIST_FILE = YES;
				INFOPLIST_FILE = SSAC_Nextflix/Info.plist;
				INFOPLIST_KEY_UIApplicationSupportsIndirectInputEvents = YES;
				INFOPLIST_KEY_UILaunchStoryboardName = LaunchScreen;
				INFOPLIST_KEY_UIMainStoryboardFile = SignUp;
				INFOPLIST_KEY_UISupportedInterfaceOrientations_iPad = "UIInterfaceOrientationPortrait UIInterfaceOrientationPortraitUpsideDown UIInterfaceOrientationLandscapeLeft UIInterfaceOrientationLandscapeRight";
				INFOPLIST_KEY_UISupportedInterfaceOrientations_iPhone = "UIInterfaceOrientationPortrait UIInterfaceOrientationLandscapeLeft UIInterfaceOrientationLandscapeRight";
				LD_RUNPATH_SEARCH_PATHS = (
					"$(inherited)",
					"@executable_path/Frameworks",
				);
				MARKETING_VERSION = 1.0;
				PRODUCT_BUNDLE_IDENTIFIER = "seungchan.SSAC-Nextflix";
				PRODUCT_NAME = "$(TARGET_NAME)";
				SWIFT_EMIT_LOC_STRINGS = YES;
				SWIFT_VERSION = 5.0;
				TARGETED_DEVICE_FAMILY = "1,2";
			};
			name = Debug;
		};
		EC4214262702E2FD001F5B82 /* Release */ = {
			isa = XCBuildConfiguration;
			buildSettings = {
				ASSETCATALOG_COMPILER_APPICON_NAME = AppIcon;
				ASSETCATALOG_COMPILER_GLOBAL_ACCENT_COLOR_NAME = AccentColor;
				CODE_SIGN_STYLE = Automatic;
				CURRENT_PROJECT_VERSION = 1;
				DEVELOPMENT_TEAM = RQHZUCMHSH;
				GENERATE_INFOPLIST_FILE = YES;
				INFOPLIST_FILE = SSAC_Nextflix/Info.plist;
				INFOPLIST_KEY_UIApplicationSupportsIndirectInputEvents = YES;
				INFOPLIST_KEY_UILaunchStoryboardName = LaunchScreen;
				INFOPLIST_KEY_UIMainStoryboardFile = SignUp;
				INFOPLIST_KEY_UISupportedInterfaceOrientations_iPad = "UIInterfaceOrientationPortrait UIInterfaceOrientationPortraitUpsideDown UIInterfaceOrientationLandscapeLeft UIInterfaceOrientationLandscapeRight";
				INFOPLIST_KEY_UISupportedInterfaceOrientations_iPhone = "UIInterfaceOrientationPortrait UIInterfaceOrientationLandscapeLeft UIInterfaceOrientationLandscapeRight";
				LD_RUNPATH_SEARCH_PATHS = (
					"$(inherited)",
					"@executable_path/Frameworks",
				);
				MARKETING_VERSION = 1.0;
				PRODUCT_BUNDLE_IDENTIFIER = "seungchan.SSAC-Nextflix";
				PRODUCT_NAME = "$(TARGET_NAME)";
				SWIFT_EMIT_LOC_STRINGS = YES;
				SWIFT_VERSION = 5.0;
				TARGETED_DEVICE_FAMILY = "1,2";
			};
			name = Release;
		};
/* End XCBuildConfiguration section */

/* Begin XCConfigurationList section */
		EC42140B2702E2FC001F5B82 /* Build configuration list for PBXProject "SSAC_Nextflix" */ = {
			isa = XCConfigurationList;
			buildConfigurations = (
				EC4214222702E2FD001F5B82 /* Debug */,
				EC4214232702E2FD001F5B82 /* Release */,
			);
			defaultConfigurationIsVisible = 0;
			defaultConfigurationName = Release;
		};
		EC4214242702E2FD001F5B82 /* Build configuration list for PBXNativeTarget "SSAC_Nextflix" */ = {
			isa = XCConfigurationList;
			buildConfigurations = (
				EC4214252702E2FD001F5B82 /* Debug */,
				EC4214262702E2FD001F5B82 /* Release */,
			);
			defaultConfigurationIsVisible = 0;
			defaultConfigurationName = Release;
		};
/* End XCConfigurationList section */
	};
	rootObject = EC4214082702E2FC001F5B82 /* Project object */;
}
